
Microsoft Visual Studio Solution File, Format Version 12.00
# Visual Studio Version 16
VisualStudioVersion = 16.0.31410.357
MinimumVisualStudioVersion = 10.0.40219.1
Project("{9A19103F-16F7-4668-BE54-9A1E7A4F7556}") = "01.Operadores", "01.Operadores\01.Operadores.csproj", "{50FA199D-485B-438E-BA7B-CA84096E665D}"
EndProject
Project("{9A19103F-16F7-4668-BE54-9A1E7A4F7556}") = "02.Interpolacao", "02.Interpolacao\02.Interpolacao.csproj", "{639F7CB4-D0D0-4EFD-A5E6-1B77E628891F}"
EndProject
Project("{9A19103F-16F7-4668-BE54-9A1E7A4F7556}") = "03.Mod", "03.Mod\03.Mod.csproj", "{919F2BE5-6574-4E02-AE02-1355FE77A764}"
EndProject
Project("{9A19103F-16F7-4668-BE54-9A1E7A4F7556}") = "04.ParImpar", "04.parImpar\04.ParImpar.csproj", "{5494E742-712C-41AA-B0AF-2BEDE90EB2D3}"
EndProject
Project("{9A19103F-16F7-4668-BE54-9A1E7A4F7556}") = "05.ReadLine", "05.ReadLine\05.ReadLine.csproj", "{681F24C6-B69F-4279-9309-BCF3C62F7B38}"
EndProject
Project("{9A19103F-16F7-4668-BE54-9A1E7A4F7556}") = "06.IMC", "06.IMC\06.IMC.csproj", "{5C8ECB5A-B850-4E18-9AB3-D983D1DDD934}"
EndProject
Project("{9A19103F-16F7-4668-BE54-9A1E7A4F7556}") = "07.Triangulo", "07.Triangulo\07.Triangulo.csproj", "{C64DCDEF-DC3E-4330-B045-431FA493541D}"
EndProject
Project("{9A19103F-16F7-4668-BE54-9A1E7A4F7556}") = "08.Media", "08.Media\08.Media.csproj", "{347D4265-C1DB-489E-AF19-F996B35FEE59}"
EndProject
Project("{9A19103F-16F7-4668-BE54-9A1E7A4F7556}") = "09.Funcao", "09.Funcao\09.Funcao.csproj", "{A7F36249-FD4C-4372-A4FE-10EC96703A15}"
EndProject
Project("{2150E333-8FDC-42A3-9474-1A3956D46DE8}") = "Aulas", "Aulas", "{92E64393-B52A-4D4B-89DB-2291DC17C0A0}"
EndProject
Project("{2150E333-8FDC-42A3-9474-1A3956D46DE8}") = "Exercicios", "Exercicios", "{E69EE6B1-2426-4A61-95C7-71C5B5116A2E}"
EndProject
Project("{9A19103F-16F7-4668-BE54-9A1E7A4F7556}") = "10.LoopFor", "10.LoopFor\10.LoopFor.csproj", "{07A5ABF1-6DAC-4A8B-BF76-9E9FF228DF85}"
EndProject
Project("{9A19103F-16F7-4668-BE54-9A1E7A4F7556}") = "11.Contador", "11.Contador\11.Contador.csproj", "{4DD4D491-9096-4E3E-83ED-BCCBD5A30FA0}"
EndProject
Project("{9A19103F-16F7-4668-BE54-9A1E7A4F7556}") = "12.Contador+2", "12.Contador+2\12.Contador+2.csproj", "{285C7817-C4BA-4071-8378-E349473A92D3}"
EndProject
Project("{9A19103F-16F7-4668-BE54-9A1E7A4F7556}") = "13.Tabuada", "13.Tabuada\13.Tabuada.csproj", "{FFE292AF-3E10-4085-9030-3F2DE8C8DA69}"
EndProject
Project("{9A19103F-16F7-4668-BE54-9A1E7A4F7556}") = "14.Tabuadas", "14.Tabuadas\14.Tabuadas.csproj", "{A0571D6B-59B6-489D-84F7-36C72A88B061}"
EndProject
Project("{9A19103F-16F7-4668-BE54-9A1E7A4F7556}") = "15.LoopWhile", "15.LoopWhile\15.LoopWhile.csproj", "{2D9BEBBF-E05E-4F9D-A45B-246AA7DAD32F}"
EndProject
Project("{9A19103F-16F7-4668-BE54-9A1E7A4F7556}") = "16.WhileInput", "16.WhileInput\16.WhileInput.csproj", "{4835326C-FBC0-471B-AEBC-2FFC7FA1E9C7}"
EndProject
Project("{9A19103F-16F7-4668-BE54-9A1E7A4F7556}") = "17.VariavelAcumulativa", "17.VariavelAcumulativa\17.VariavelAcumulativa.csproj", "{B80775F9-C3D9-47D7-A31D-2E7D4E632611}"
EndProject
Project("{9A19103F-16F7-4668-BE54-9A1E7A4F7556}") = "18.Calculadora", "18.Calculadora\18.Calculadora.csproj", "{8ED33649-3D7E-4FA4-978B-A33CBDB7E946}"
EndProject
Project("{9A19103F-16F7-4668-BE54-9A1E7A4F7556}") = "19.ConsoleColor", "19.ConsoleColor\19.ConsoleColor.csproj", "{D45BAD3B-0554-41D3-BE6D-931DB92CF96C}"
EndProject
Project("{9A19103F-16F7-4668-BE54-9A1E7A4F7556}") = "20.GeneroLiterarioBool", "20.GeneroLiterarioBool\20.GeneroLiterarioBool.csproj", "{1BBA2DEE-14B5-44CF-99B3-BF609E978774}"
EndProject
Project("{9A19103F-16F7-4668-BE54-9A1E7A4F7556}") = "21.Fatorial", "21.Fatorial\21.Fatorial.csproj", "{974E32A6-B6DA-476B-BC49-242ECD646094}"
EndProject
Project("{9A19103F-16F7-4668-BE54-9A1E7A4F7556}") = "22.Fibonacci", "22.Fibonacci\22.Fibonacci.csproj", "{ED5287F8-2F66-4D10-93ED-6F27D0A0FD82}"
EndProject
Project("{9A19103F-16F7-4668-BE54-9A1E7A4F7556}") = "23.NumeroPrimo", "23.NumeroPrimo\23.NumeroPrimo.csproj", "{23DBFB3B-8A7F-497C-B97F-55577DDBDBC6}"
EndProject
Project("{9A19103F-16F7-4668-BE54-9A1E7A4F7556}") = "24.TryParse", "24.TryParse\24.TryParse.csproj", "{AE7A9F05-268C-4112-BB64-DBC9430C0623}"
EndProject
Project("{9A19103F-16F7-4668-BE54-9A1E7A4F7556}") = "25.Livraria", "25.Livraria\25.Livraria.csproj", "{26C417D9-0FF4-43C6-B42F-A45CADAB92C7}"
EndProject
Project("{9A19103F-16F7-4668-BE54-9A1E7A4F7556}") = "26.Petshop", "26.Petshop\26.Petshop.csproj", "{DB85766B-4248-4C28-8AF5-23323DFABA49}"
EndProject
Project("{9A19103F-16F7-4668-BE54-9A1E7A4F7556}") = "27.Pokemon", "27.Pokemon\27.Pokemon.csproj", "{3085B358-A12D-4C49-817F-58AF23BF1DF2}"
EndProject
Project("{9A19103F-16F7-4668-BE54-9A1E7A4F7556}") = "28.Array", "28.Array\28.Array.csproj", "{1A71B17C-BB79-4F60-98E9-B9026953CB0B}"
EndProject
Project("{9A19103F-16F7-4668-BE54-9A1E7A4F7556}") = "29. ArrayTamanhoVariavel", "29. ArrayTamanhoVariavel\29. ArrayTamanhoVariavel.csproj", "{142F48B6-136C-4068-ADA4-3C7BBC8BF523}"
EndProject
Project("{9A19103F-16F7-4668-BE54-9A1E7A4F7556}") = "30.MaiorNumero", "30.MaiorNumero\30.MaiorNumero.csproj", "{E9E59E00-F648-48D8-B688-265A4AF792A9}"
EndProject
Project("{9A19103F-16F7-4668-BE54-9A1E7A4F7556}") = "31. ArrayInverso", "31. ArrayInverso\31. ArrayInverso.csproj", "{B07F0219-C84E-4F4F-8FAB-C783B740A359}"
EndProject
Project("{9A19103F-16F7-4668-BE54-9A1E7A4F7556}") = "32.ForEWhile", "32.ForEWhile\32.ForEWhile.csproj", "{3A3A20F5-92BD-4BF7-8B6D-83EB334D6BC2}"
EndProject
Project("{9A19103F-16F7-4668-BE54-9A1E7A4F7556}") = "33.ValidacaoDeEntrada", "33.ValidacaoDeEntrada\33.ValidacaoDeEntrada.csproj", "{A25F84FC-7853-4CA5-9224-8D8397770E54}"
EndProject
Project("{9A19103F-16F7-4668-BE54-9A1E7A4F7556}") = "34.ValidacaoEntradaFuncoes", "34.ValidacaoEntradaFuncoes\34.ValidacaoEntradaFuncoes.csproj", "{9F99C2B7-EF8E-4FD0-A01E-076711AE5046}"
EndProject
Project("{9A19103F-16F7-4668-BE54-9A1E7A4F7556}") = "35.ValidacaoEntradaOutrosTipos", "35.ValidacaoEntradaOutrosTipos\35.ValidacaoEntradaOutrosTipos.csproj", "{3EEBEAB4-295D-44FB-8337-0B0D6B6478C2}"
EndProject
Project("{9A19103F-16F7-4668-BE54-9A1E7A4F7556}") = "36.FindArrayValue", "36.FindArrayValue\36.FindArrayValue.csproj", "{91EDCBE2-29C0-4E67-A94C-D7538F540B1D}"
EndProject
Project("{9A19103F-16F7-4668-BE54-9A1E7A4F7556}") = "37.FindArrayValueVExt", "37.FindArrayValueVExt\37.FindArrayValueVExt.csproj", "{37FC8398-6980-457A-833E-B8AB32019F16}"
EndProject
Project("{9A19103F-16F7-4668-BE54-9A1E7A4F7556}") = "38.EstruturadeDados", "38.EstruturadeDados\38.EstruturadeDados.csproj", "{4B18F9BD-556A-4BC7-8074-4AA68F85139E}"
EndProject
Project("{9A19103F-16F7-4668-BE54-9A1E7A4F7556}") = "39.Linq", "39.Linq\39.Linq.csproj", "{4E5A8F30-8676-4D2E-9876-8EFDDD31F102}"
EndProject
Project("{2150E333-8FDC-42A3-9474-1A3956D46DE8}") = "Orientação a Objetos", "Orientação a Objetos", "{8D1FE850-2926-490E-87BE-EADDCC444ACD}"
EndProject
Project("{9A19103F-16F7-4668-BE54-9A1E7A4F7556}") = "40.ClassesConceito", "40.Classes\40.ClassesConceito.csproj", "{A0773251-423F-49B2-B661-041928F636FC}"
EndProject
Project("{9A19103F-16F7-4668-BE54-9A1E7A4F7556}") = "41.Classes", "41.Classes\41.Classes.csproj", "{6753163D-8420-4044-BA31-8C5A6B1B522B}"
EndProject
Project("{9A19103F-16F7-4668-BE54-9A1E7A4F7556}") = "42.ClassesFuncoes", "42.ClassesFuncoes\42.ClassesFuncoes.csproj", "{251CA230-AF13-49EA-9AC1-174C2C77C318}"
EndProject
Project("{9A19103F-16F7-4668-BE54-9A1E7A4F7556}") = "43.ClassesConstrutores", "43.ClassesConstrutores\43.ClassesConstrutores.csproj", "{289AAF06-8B00-45FE-85E6-3672CB95AC6A}"
EndProject
Project("{9A19103F-16F7-4668-BE54-9A1E7A4F7556}") = "44.Pokedex", "44.Pokedex\44.Pokedex.csproj", "{89C2D64D-7A67-4287-849C-830E6F7BF06D}"
EndProject
Project("{9A19103F-16F7-4668-BE54-9A1E7A4F7556}") = "45.PokedexFalante", "45.PokedexFalante\45.PokedexFalante.csproj", "{1831C9B7-AFB2-4FFD-853C-E659FC066033}"
EndProject
Project("{2150E333-8FDC-42A3-9474-1A3956D46DE8}") = "LoopsFdp", "LoopsFdp", "{5E8ABA8E-DB58-46A3-93BC-B43E11D7C648}"
EndProject
Project("{9A19103F-16F7-4668-BE54-9A1E7A4F7556}") = "For", "For\For.csproj", "{D8A5BB88-68E8-4AE6-B731-E5AB7AF4B3D6}"
EndProject
Project("{9A19103F-16F7-4668-BE54-9A1E7A4F7556}") = "While", "While\While.csproj", "{9175EBFB-3419-4D53-AEE0-E09D13ADC4B1}"
EndProject
Project("{9A19103F-16F7-4668-BE54-9A1E7A4F7556}") = "WhileInput", "WhileInput\WhileInput.csproj", "{ECD85C9B-2D20-49F7-A714-CCE670AB8C5E}"
EndProject
Project("{9A19103F-16F7-4668-BE54-9A1E7A4F7556}") = "46.Static", "46.Static\46.Static.csproj", "{E5BD885E-4552-4694-96A5-9FCFDF4F9F44}"
EndProject
Project("{9A19103F-16F7-4668-BE54-9A1E7A4F7556}") = "Experiencia", "Experiencia\Experiencia.csproj", "{F5C31A37-7D9A-4AC8-9506-96B5072B59A6}"
EndProject
Project("{9A19103F-16F7-4668-BE54-9A1E7A4F7556}") = "46.TryCatch", "46.TryCatch\46.TryCatch.csproj", "{34C16C4F-BF9F-475C-8506-5633015AEB30}"
EndProject
Project("{2150E333-8FDC-42A3-9474-1A3956D46DE8}") = "SpeedRun", "SpeedRun", "{D81C7C24-7C75-4097-B859-C43695AA14DE}"
EndProject
Project("{9A19103F-16F7-4668-BE54-9A1E7A4F7556}") = "Desconto", "Desconto\Desconto.csproj", "{6FD44910-40F2-4FD4-B4C1-09BC3949DB47}"
EndProject
Project("{9A19103F-16F7-4668-BE54-9A1E7A4F7556}") = "NotaFalta", "NotaFalta\NotaFalta.csproj", "{62CFAEE9-499A-43D0-9846-93C0016AB9FA}"
EndProject
Project("{9A19103F-16F7-4668-BE54-9A1E7A4F7556}") = "Temperatura", "Temperatura\Temperatura.csproj", "{9C93EF23-3472-40B2-97FC-C90AFD29317F}"
EndProject
Project("{9A19103F-16F7-4668-BE54-9A1E7A4F7556}") = "47.Pokedex2", "47.Pokedex2\47.Pokedex2.csproj", "{4B162B7D-422D-470B-B241-C8974C7B41AE}"
EndProject
Project("{9A19103F-16F7-4668-BE54-9A1E7A4F7556}") = "48.Matriz", "48.Matriz\48.Matriz.csproj", "{B81D62B5-A42D-4DF8-8F1D-4AAA48E4CDDA}"
EndProject
Project("{9A19103F-16F7-4668-BE54-9A1E7A4F7556}") = "49.MediaMovel", "49.MediaMovel\49.MediaMovel.csproj", "{DA9D97F6-68E0-4CF6-AEA6-7CF5B0011A5A}"
EndProject
Project("{2150E333-8FDC-42A3-9474-1A3956D46DE8}") = "APIs", "APIs", "{7F2681BB-B092-424C-BB7C-D2B407EB0AA1}"
EndProject
Project("{FAE04EC0-301F-11D3-BF4B-00C04F79EFBC}") = "API1", "API1\API1.csproj", "{1251C76E-7851-412F-B022-A42EF10A0AE8}"
EndProject
Project("{9A19103F-16F7-4668-BE54-9A1E7A4F7556}") = "50.DateTime", "50.DateTime\50.DateTime.csproj", "{A0103253-9F76-4A56-8A1C-428418392C37}"
EndProject
Project("{9A19103F-16F7-4668-BE54-9A1E7A4F7556}") = "51.Static2", "51.Static2\51.Static2.csproj", "{F622409B-B776-467A-9FAC-F4FC4E239983}"
EndProject
Project("{9A19103F-16F7-4668-BE54-9A1E7A4F7556}") = "52.DatetimeIdade", "52.DatetimeIdade\52.DatetimeIdade.csproj", "{512449BE-695E-48DC-945B-ED7C8B9352D1}"
EndProject
Project("{9A19103F-16F7-4668-BE54-9A1E7A4F7556}") = "53.DatetimeLivrosAtrasados", "53.DatetimeLivrosAtrasados\53.DatetimeLivrosAtrasados.csproj", "{7C2D2D65-095B-4DA4-97F0-D49BCC830E4A}"
EndProject
Project("{9A19103F-16F7-4668-BE54-9A1E7A4F7556}") = "54.Contains", "54.Contains\54.Contains.csproj", "{08935108-E974-4F4D-B7B7-0E12FC398156}"
EndProject
Project("{9A19103F-16F7-4668-BE54-9A1E7A4F7556}") = "55.Enum", "55.Enum\55.Enum.csproj", "{F24AA3F5-8B31-4E9E-8430-0938DCA6C8BA}"
EndProject
Project("{9A19103F-16F7-4668-BE54-9A1E7A4F7556}") = "56.Dictionary", "56.Dictionary\56.Dictionary.csproj", "{B14F1027-D94C-4DCC-8412-F41A2E68B1C7}"
EndProject
Project("{9A19103F-16F7-4668-BE54-9A1E7A4F7556}") = "57.DictionaryFeriados", "57.DictionaryFeriados\57.DictionaryFeriados.csproj", "{1344A893-43C1-4779-A7A2-DFB3A906AD32}"
EndProject
Project("{FAE04EC0-301F-11D3-BF4B-00C04F79EFBC}") = "API2", "API2\API2.csproj", "{8FE38B3A-0EC3-4199-AC82-FDE434CEB3BA}"
EndProject
Project("{FAE04EC0-301F-11D3-BF4B-00C04F79EFBC}") = "58.TrianguloAPI", "58.TrianguloAPI\58.TrianguloAPI.csproj", "{8ADC2C19-C33A-4C8A-A59C-1D3B8B52DD4C}"
EndProject
Project("{FAE04EC0-301F-11D3-BF4B-00C04F79EFBC}") = "59.IMCAPI", "59.IMCAPI\59.IMCAPI.csproj", "{8F91F274-E79D-4883-A3DB-388A845C50EF}"
EndProject
Project("{9A19103F-16F7-4668-BE54-9A1E7A4F7556}") = "60.BandoDeDados", "60.BandoDeDados\60.BandoDeDados.csproj", "{0D713522-834E-4231-B6B3-20E4AB7C847D}"
EndProject
Project("{9A19103F-16F7-4668-BE54-9A1E7A4F7556}") = "61.TryCatchFinally", "61.TryCatchFinally\61.TryCatchFinally.csproj", "{865A6B06-1E05-4D56-8242-FED176BD2C8D}"
EndProject
Project("{9A19103F-16F7-4668-BE54-9A1E7A4F7556}") = "62.MediaAlunos", "62.ExercicioFuncao\62.MediaAlunos.csproj", "{75AE4E3C-9DC8-4141-8219-D8A418BE121E}"
EndProject
Project("{9A19103F-16F7-4668-BE54-9A1E7A4F7556}") = "63.Herança", "63.Herança\63.Herança.csproj", "{1CC870E4-643D-4262-9B63-A94323BC9B2F}"
EndProject
Project("{9A19103F-16F7-4668-BE54-9A1E7A4F7556}") = "64.Interface", "64.Interface\64.Interface.csproj", "{2A5E5BFB-DC40-432C-A47E-CB8C1ADA36C0}"
EndProject
Project("{9A19103F-16F7-4668-BE54-9A1E7A4F7556}") = "65.BancodeDados2.0", "65.BancodeDados2.0\65.BancodeDados2.0.csproj", "{1F338A1D-39AD-4AD2-BD0B-DB47B097148E}"
EndProject
Project("{9A19103F-16F7-4668-BE54-9A1E7A4F7556}") = "66.TesteNubank", "66.TesteNubank\66.TesteNubank.csproj", "{BF16E3D5-A724-457C-94BE-258A43370155}"
EndProject
Project("{9A19103F-16F7-4668-BE54-9A1E7A4F7556}") = "67.GetLengthMatrix", "67.GetLengthMatrix\67.GetLengthMatrix.csproj", "{0ED7FE7B-1EAC-48F4-B751-3280B657693E}"
EndProject
Project("{9A19103F-16F7-4668-BE54-9A1E7A4F7556}") = "68.ArrayDeArray", "68.ArrayDeArray\68.ArrayDeArray.csproj", "{9E0C263C-7D32-49E1-89EE-395247EA7588}"
EndProject
Project("{9A19103F-16F7-4668-BE54-9A1E7A4F7556}") = "69.ArrayDeArray2", "69.ArrayDeArray2\69.ArrayDeArray2.csproj", "{C485A27C-7A8D-48AD-88E0-38DFC732E9DB}"
EndProject
Project("{9A19103F-16F7-4668-BE54-9A1E7A4F7556}") = "70.ListDeList", "70.ListDeList\70.ListDeList.csproj", "{818D0FA6-15A4-48E8-A7B6-BDAE1C6F26FD}"
EndProject
Project("{9A19103F-16F7-4668-BE54-9A1E7A4F7556}") = "71.Generics", "71.Generics\71.Generics.csproj", "{2594763B-9124-4C04-8BAE-E0457B86DD97}"
EndProject
Project("{9A19103F-16F7-4668-BE54-9A1E7A4F7556}") = "72.Args", "72.Args\72.Args.csproj", "{BE9445A8-FBF1-4EE0-AC00-42E1FABE91CB}"
EndProject
Project("{2150E333-8FDC-42A3-9474-1A3956D46DE8}") = "TesteUnitario", "TesteUnitario", "{B61656E0-BCC0-43DE-91A6-8E8A17C9B092}"
EndProject
Project("{FAE04EC0-301F-11D3-BF4B-00C04F79EFBC}") = "Aplicacao.UnitTest", "Aplicacao.UnitTest\Aplicacao.UnitTest.csproj", "{27E02E59-3ED4-496B-BB3A-78109BEBC021}"
EndProject
Project("{FAE04EC0-301F-11D3-BF4B-00C04F79EFBC}") = "Aplicacao", "Aplicacao\Aplicacao.csproj", "{008AD78D-3BF4-48FF-A41A-9ED2D58E7FBA}"
EndProject
Project("{2150E333-8FDC-42A3-9474-1A3956D46DE8}") = "BancoDeDados", "BancoDeDados", "{6CBE9325-35AD-4B42-A31A-71E6A44DB6BF}"
EndProject
Project("{9A19103F-16F7-4668-BE54-9A1E7A4F7556}") = "BancoDeDadosNonQuery", "BancoDeDados\BancoDeDadosNonQuery.csproj", "{C7B4B9C9-EBED-4028-B28A-5F5C3D7FA548}"
EndProject
Project("{FAE04EC0-301F-11D3-BF4B-00C04F79EFBC}") = "BancoDeDadosQuery", "BancoDeDadosQuery\BancoDeDadosQuery.csproj", "{02FCC347-5D12-48EA-BA8E-DB5BACD9DB76}"
EndProject
Project("{FAE04EC0-301F-11D3-BF4B-00C04F79EFBC}") = "73.ReforcoWhile", "73.ReforcoWhile\73.ReforcoWhile.csproj", "{191D8CBA-D883-43F2-A7CF-2583CDDE6489}"
EndProject
Global
	GlobalSection(SolutionConfigurationPlatforms) = preSolution
		Debug|Any CPU = Debug|Any CPU
		Release|Any CPU = Release|Any CPU
	EndGlobalSection
	GlobalSection(ProjectConfigurationPlatforms) = postSolution
		{50FA199D-485B-438E-BA7B-CA84096E665D}.Debug|Any CPU.ActiveCfg = Debug|Any CPU
		{50FA199D-485B-438E-BA7B-CA84096E665D}.Debug|Any CPU.Build.0 = Debug|Any CPU
		{50FA199D-485B-438E-BA7B-CA84096E665D}.Release|Any CPU.ActiveCfg = Release|Any CPU
		{50FA199D-485B-438E-BA7B-CA84096E665D}.Release|Any CPU.Build.0 = Release|Any CPU
		{639F7CB4-D0D0-4EFD-A5E6-1B77E628891F}.Debug|Any CPU.ActiveCfg = Debug|Any CPU
		{639F7CB4-D0D0-4EFD-A5E6-1B77E628891F}.Debug|Any CPU.Build.0 = Debug|Any CPU
		{639F7CB4-D0D0-4EFD-A5E6-1B77E628891F}.Release|Any CPU.ActiveCfg = Release|Any CPU
		{639F7CB4-D0D0-4EFD-A5E6-1B77E628891F}.Release|Any CPU.Build.0 = Release|Any CPU
		{919F2BE5-6574-4E02-AE02-1355FE77A764}.Debug|Any CPU.ActiveCfg = Debug|Any CPU
		{919F2BE5-6574-4E02-AE02-1355FE77A764}.Debug|Any CPU.Build.0 = Debug|Any CPU
		{919F2BE5-6574-4E02-AE02-1355FE77A764}.Release|Any CPU.ActiveCfg = Release|Any CPU
		{919F2BE5-6574-4E02-AE02-1355FE77A764}.Release|Any CPU.Build.0 = Release|Any CPU
		{5494E742-712C-41AA-B0AF-2BEDE90EB2D3}.Debug|Any CPU.ActiveCfg = Debug|Any CPU
		{5494E742-712C-41AA-B0AF-2BEDE90EB2D3}.Debug|Any CPU.Build.0 = Debug|Any CPU
		{5494E742-712C-41AA-B0AF-2BEDE90EB2D3}.Release|Any CPU.ActiveCfg = Release|Any CPU
		{5494E742-712C-41AA-B0AF-2BEDE90EB2D3}.Release|Any CPU.Build.0 = Release|Any CPU
		{681F24C6-B69F-4279-9309-BCF3C62F7B38}.Debug|Any CPU.ActiveCfg = Debug|Any CPU
		{681F24C6-B69F-4279-9309-BCF3C62F7B38}.Debug|Any CPU.Build.0 = Debug|Any CPU
		{681F24C6-B69F-4279-9309-BCF3C62F7B38}.Release|Any CPU.ActiveCfg = Release|Any CPU
		{681F24C6-B69F-4279-9309-BCF3C62F7B38}.Release|Any CPU.Build.0 = Release|Any CPU
		{5C8ECB5A-B850-4E18-9AB3-D983D1DDD934}.Debug|Any CPU.ActiveCfg = Debug|Any CPU
		{5C8ECB5A-B850-4E18-9AB3-D983D1DDD934}.Debug|Any CPU.Build.0 = Debug|Any CPU
		{5C8ECB5A-B850-4E18-9AB3-D983D1DDD934}.Release|Any CPU.ActiveCfg = Release|Any CPU
		{5C8ECB5A-B850-4E18-9AB3-D983D1DDD934}.Release|Any CPU.Build.0 = Release|Any CPU
		{C64DCDEF-DC3E-4330-B045-431FA493541D}.Debug|Any CPU.ActiveCfg = Debug|Any CPU
		{C64DCDEF-DC3E-4330-B045-431FA493541D}.Debug|Any CPU.Build.0 = Debug|Any CPU
		{C64DCDEF-DC3E-4330-B045-431FA493541D}.Release|Any CPU.ActiveCfg = Release|Any CPU
		{C64DCDEF-DC3E-4330-B045-431FA493541D}.Release|Any CPU.Build.0 = Release|Any CPU
		{347D4265-C1DB-489E-AF19-F996B35FEE59}.Debug|Any CPU.ActiveCfg = Debug|Any CPU
		{347D4265-C1DB-489E-AF19-F996B35FEE59}.Debug|Any CPU.Build.0 = Debug|Any CPU
		{347D4265-C1DB-489E-AF19-F996B35FEE59}.Release|Any CPU.ActiveCfg = Release|Any CPU
		{347D4265-C1DB-489E-AF19-F996B35FEE59}.Release|Any CPU.Build.0 = Release|Any CPU
		{A7F36249-FD4C-4372-A4FE-10EC96703A15}.Debug|Any CPU.ActiveCfg = Debug|Any CPU
		{A7F36249-FD4C-4372-A4FE-10EC96703A15}.Debug|Any CPU.Build.0 = Debug|Any CPU
		{A7F36249-FD4C-4372-A4FE-10EC96703A15}.Release|Any CPU.ActiveCfg = Release|Any CPU
		{A7F36249-FD4C-4372-A4FE-10EC96703A15}.Release|Any CPU.Build.0 = Release|Any CPU
		{07A5ABF1-6DAC-4A8B-BF76-9E9FF228DF85}.Debug|Any CPU.ActiveCfg = Debug|Any CPU
		{07A5ABF1-6DAC-4A8B-BF76-9E9FF228DF85}.Debug|Any CPU.Build.0 = Debug|Any CPU
		{07A5ABF1-6DAC-4A8B-BF76-9E9FF228DF85}.Release|Any CPU.ActiveCfg = Release|Any CPU
		{07A5ABF1-6DAC-4A8B-BF76-9E9FF228DF85}.Release|Any CPU.Build.0 = Release|Any CPU
		{4DD4D491-9096-4E3E-83ED-BCCBD5A30FA0}.Debug|Any CPU.ActiveCfg = Debug|Any CPU
		{4DD4D491-9096-4E3E-83ED-BCCBD5A30FA0}.Debug|Any CPU.Build.0 = Debug|Any CPU
		{4DD4D491-9096-4E3E-83ED-BCCBD5A30FA0}.Release|Any CPU.ActiveCfg = Release|Any CPU
		{4DD4D491-9096-4E3E-83ED-BCCBD5A30FA0}.Release|Any CPU.Build.0 = Release|Any CPU
		{285C7817-C4BA-4071-8378-E349473A92D3}.Debug|Any CPU.ActiveCfg = Debug|Any CPU
		{285C7817-C4BA-4071-8378-E349473A92D3}.Debug|Any CPU.Build.0 = Debug|Any CPU
		{285C7817-C4BA-4071-8378-E349473A92D3}.Release|Any CPU.ActiveCfg = Release|Any CPU
		{285C7817-C4BA-4071-8378-E349473A92D3}.Release|Any CPU.Build.0 = Release|Any CPU
		{FFE292AF-3E10-4085-9030-3F2DE8C8DA69}.Debug|Any CPU.ActiveCfg = Debug|Any CPU
		{FFE292AF-3E10-4085-9030-3F2DE8C8DA69}.Debug|Any CPU.Build.0 = Debug|Any CPU
		{FFE292AF-3E10-4085-9030-3F2DE8C8DA69}.Release|Any CPU.ActiveCfg = Release|Any CPU
		{FFE292AF-3E10-4085-9030-3F2DE8C8DA69}.Release|Any CPU.Build.0 = Release|Any CPU
		{A0571D6B-59B6-489D-84F7-36C72A88B061}.Debug|Any CPU.ActiveCfg = Debug|Any CPU
		{A0571D6B-59B6-489D-84F7-36C72A88B061}.Debug|Any CPU.Build.0 = Debug|Any CPU
		{A0571D6B-59B6-489D-84F7-36C72A88B061}.Release|Any CPU.ActiveCfg = Release|Any CPU
		{A0571D6B-59B6-489D-84F7-36C72A88B061}.Release|Any CPU.Build.0 = Release|Any CPU
		{2D9BEBBF-E05E-4F9D-A45B-246AA7DAD32F}.Debug|Any CPU.ActiveCfg = Debug|Any CPU
		{2D9BEBBF-E05E-4F9D-A45B-246AA7DAD32F}.Debug|Any CPU.Build.0 = Debug|Any CPU
		{2D9BEBBF-E05E-4F9D-A45B-246AA7DAD32F}.Release|Any CPU.ActiveCfg = Release|Any CPU
		{2D9BEBBF-E05E-4F9D-A45B-246AA7DAD32F}.Release|Any CPU.Build.0 = Release|Any CPU
		{4835326C-FBC0-471B-AEBC-2FFC7FA1E9C7}.Debug|Any CPU.ActiveCfg = Debug|Any CPU
		{4835326C-FBC0-471B-AEBC-2FFC7FA1E9C7}.Debug|Any CPU.Build.0 = Debug|Any CPU
		{4835326C-FBC0-471B-AEBC-2FFC7FA1E9C7}.Release|Any CPU.ActiveCfg = Release|Any CPU
		{4835326C-FBC0-471B-AEBC-2FFC7FA1E9C7}.Release|Any CPU.Build.0 = Release|Any CPU
		{B80775F9-C3D9-47D7-A31D-2E7D4E632611}.Debug|Any CPU.ActiveCfg = Debug|Any CPU
		{B80775F9-C3D9-47D7-A31D-2E7D4E632611}.Debug|Any CPU.Build.0 = Debug|Any CPU
		{B80775F9-C3D9-47D7-A31D-2E7D4E632611}.Release|Any CPU.ActiveCfg = Release|Any CPU
		{B80775F9-C3D9-47D7-A31D-2E7D4E632611}.Release|Any CPU.Build.0 = Release|Any CPU
		{8ED33649-3D7E-4FA4-978B-A33CBDB7E946}.Debug|Any CPU.ActiveCfg = Debug|Any CPU
		{8ED33649-3D7E-4FA4-978B-A33CBDB7E946}.Debug|Any CPU.Build.0 = Debug|Any CPU
		{8ED33649-3D7E-4FA4-978B-A33CBDB7E946}.Release|Any CPU.ActiveCfg = Release|Any CPU
		{8ED33649-3D7E-4FA4-978B-A33CBDB7E946}.Release|Any CPU.Build.0 = Release|Any CPU
		{D45BAD3B-0554-41D3-BE6D-931DB92CF96C}.Debug|Any CPU.ActiveCfg = Debug|Any CPU
		{D45BAD3B-0554-41D3-BE6D-931DB92CF96C}.Debug|Any CPU.Build.0 = Debug|Any CPU
		{D45BAD3B-0554-41D3-BE6D-931DB92CF96C}.Release|Any CPU.ActiveCfg = Release|Any CPU
		{D45BAD3B-0554-41D3-BE6D-931DB92CF96C}.Release|Any CPU.Build.0 = Release|Any CPU
		{1BBA2DEE-14B5-44CF-99B3-BF609E978774}.Debug|Any CPU.ActiveCfg = Debug|Any CPU
		{1BBA2DEE-14B5-44CF-99B3-BF609E978774}.Debug|Any CPU.Build.0 = Debug|Any CPU
		{1BBA2DEE-14B5-44CF-99B3-BF609E978774}.Release|Any CPU.ActiveCfg = Release|Any CPU
		{1BBA2DEE-14B5-44CF-99B3-BF609E978774}.Release|Any CPU.Build.0 = Release|Any CPU
		{974E32A6-B6DA-476B-BC49-242ECD646094}.Debug|Any CPU.ActiveCfg = Debug|Any CPU
		{974E32A6-B6DA-476B-BC49-242ECD646094}.Debug|Any CPU.Build.0 = Debug|Any CPU
		{974E32A6-B6DA-476B-BC49-242ECD646094}.Release|Any CPU.ActiveCfg = Release|Any CPU
		{974E32A6-B6DA-476B-BC49-242ECD646094}.Release|Any CPU.Build.0 = Release|Any CPU
		{ED5287F8-2F66-4D10-93ED-6F27D0A0FD82}.Debug|Any CPU.ActiveCfg = Debug|Any CPU
		{ED5287F8-2F66-4D10-93ED-6F27D0A0FD82}.Debug|Any CPU.Build.0 = Debug|Any CPU
		{ED5287F8-2F66-4D10-93ED-6F27D0A0FD82}.Release|Any CPU.ActiveCfg = Release|Any CPU
		{ED5287F8-2F66-4D10-93ED-6F27D0A0FD82}.Release|Any CPU.Build.0 = Release|Any CPU
		{23DBFB3B-8A7F-497C-B97F-55577DDBDBC6}.Debug|Any CPU.ActiveCfg = Debug|Any CPU
		{23DBFB3B-8A7F-497C-B97F-55577DDBDBC6}.Debug|Any CPU.Build.0 = Debug|Any CPU
		{23DBFB3B-8A7F-497C-B97F-55577DDBDBC6}.Release|Any CPU.ActiveCfg = Release|Any CPU
		{23DBFB3B-8A7F-497C-B97F-55577DDBDBC6}.Release|Any CPU.Build.0 = Release|Any CPU
		{AE7A9F05-268C-4112-BB64-DBC9430C0623}.Debug|Any CPU.ActiveCfg = Debug|Any CPU
		{AE7A9F05-268C-4112-BB64-DBC9430C0623}.Debug|Any CPU.Build.0 = Debug|Any CPU
		{AE7A9F05-268C-4112-BB64-DBC9430C0623}.Release|Any CPU.ActiveCfg = Release|Any CPU
		{AE7A9F05-268C-4112-BB64-DBC9430C0623}.Release|Any CPU.Build.0 = Release|Any CPU
		{26C417D9-0FF4-43C6-B42F-A45CADAB92C7}.Debug|Any CPU.ActiveCfg = Debug|Any CPU
		{26C417D9-0FF4-43C6-B42F-A45CADAB92C7}.Debug|Any CPU.Build.0 = Debug|Any CPU
		{26C417D9-0FF4-43C6-B42F-A45CADAB92C7}.Release|Any CPU.ActiveCfg = Release|Any CPU
		{26C417D9-0FF4-43C6-B42F-A45CADAB92C7}.Release|Any CPU.Build.0 = Release|Any CPU
		{DB85766B-4248-4C28-8AF5-23323DFABA49}.Debug|Any CPU.ActiveCfg = Debug|Any CPU
		{DB85766B-4248-4C28-8AF5-23323DFABA49}.Debug|Any CPU.Build.0 = Debug|Any CPU
		{DB85766B-4248-4C28-8AF5-23323DFABA49}.Release|Any CPU.ActiveCfg = Release|Any CPU
		{DB85766B-4248-4C28-8AF5-23323DFABA49}.Release|Any CPU.Build.0 = Release|Any CPU
		{3085B358-A12D-4C49-817F-58AF23BF1DF2}.Debug|Any CPU.ActiveCfg = Debug|Any CPU
		{3085B358-A12D-4C49-817F-58AF23BF1DF2}.Debug|Any CPU.Build.0 = Debug|Any CPU
		{3085B358-A12D-4C49-817F-58AF23BF1DF2}.Release|Any CPU.ActiveCfg = Release|Any CPU
		{3085B358-A12D-4C49-817F-58AF23BF1DF2}.Release|Any CPU.Build.0 = Release|Any CPU
		{1A71B17C-BB79-4F60-98E9-B9026953CB0B}.Debug|Any CPU.ActiveCfg = Debug|Any CPU
		{1A71B17C-BB79-4F60-98E9-B9026953CB0B}.Debug|Any CPU.Build.0 = Debug|Any CPU
		{1A71B17C-BB79-4F60-98E9-B9026953CB0B}.Release|Any CPU.ActiveCfg = Release|Any CPU
		{1A71B17C-BB79-4F60-98E9-B9026953CB0B}.Release|Any CPU.Build.0 = Release|Any CPU
		{142F48B6-136C-4068-ADA4-3C7BBC8BF523}.Debug|Any CPU.ActiveCfg = Debug|Any CPU
		{142F48B6-136C-4068-ADA4-3C7BBC8BF523}.Debug|Any CPU.Build.0 = Debug|Any CPU
		{142F48B6-136C-4068-ADA4-3C7BBC8BF523}.Release|Any CPU.ActiveCfg = Release|Any CPU
		{142F48B6-136C-4068-ADA4-3C7BBC8BF523}.Release|Any CPU.Build.0 = Release|Any CPU
		{E9E59E00-F648-48D8-B688-265A4AF792A9}.Debug|Any CPU.ActiveCfg = Debug|Any CPU
		{E9E59E00-F648-48D8-B688-265A4AF792A9}.Debug|Any CPU.Build.0 = Debug|Any CPU
		{E9E59E00-F648-48D8-B688-265A4AF792A9}.Release|Any CPU.ActiveCfg = Release|Any CPU
		{E9E59E00-F648-48D8-B688-265A4AF792A9}.Release|Any CPU.Build.0 = Release|Any CPU
		{B07F0219-C84E-4F4F-8FAB-C783B740A359}.Debug|Any CPU.ActiveCfg = Debug|Any CPU
		{B07F0219-C84E-4F4F-8FAB-C783B740A359}.Debug|Any CPU.Build.0 = Debug|Any CPU
		{B07F0219-C84E-4F4F-8FAB-C783B740A359}.Release|Any CPU.ActiveCfg = Release|Any CPU
		{B07F0219-C84E-4F4F-8FAB-C783B740A359}.Release|Any CPU.Build.0 = Release|Any CPU
		{3A3A20F5-92BD-4BF7-8B6D-83EB334D6BC2}.Debug|Any CPU.ActiveCfg = Debug|Any CPU
		{3A3A20F5-92BD-4BF7-8B6D-83EB334D6BC2}.Debug|Any CPU.Build.0 = Debug|Any CPU
		{3A3A20F5-92BD-4BF7-8B6D-83EB334D6BC2}.Release|Any CPU.ActiveCfg = Release|Any CPU
		{3A3A20F5-92BD-4BF7-8B6D-83EB334D6BC2}.Release|Any CPU.Build.0 = Release|Any CPU
		{A25F84FC-7853-4CA5-9224-8D8397770E54}.Debug|Any CPU.ActiveCfg = Debug|Any CPU
		{A25F84FC-7853-4CA5-9224-8D8397770E54}.Debug|Any CPU.Build.0 = Debug|Any CPU
		{A25F84FC-7853-4CA5-9224-8D8397770E54}.Release|Any CPU.ActiveCfg = Release|Any CPU
		{A25F84FC-7853-4CA5-9224-8D8397770E54}.Release|Any CPU.Build.0 = Release|Any CPU
		{9F99C2B7-EF8E-4FD0-A01E-076711AE5046}.Debug|Any CPU.ActiveCfg = Debug|Any CPU
		{9F99C2B7-EF8E-4FD0-A01E-076711AE5046}.Debug|Any CPU.Build.0 = Debug|Any CPU
		{9F99C2B7-EF8E-4FD0-A01E-076711AE5046}.Release|Any CPU.ActiveCfg = Release|Any CPU
		{9F99C2B7-EF8E-4FD0-A01E-076711AE5046}.Release|Any CPU.Build.0 = Release|Any CPU
		{3EEBEAB4-295D-44FB-8337-0B0D6B6478C2}.Debug|Any CPU.ActiveCfg = Debug|Any CPU
		{3EEBEAB4-295D-44FB-8337-0B0D6B6478C2}.Debug|Any CPU.Build.0 = Debug|Any CPU
		{3EEBEAB4-295D-44FB-8337-0B0D6B6478C2}.Release|Any CPU.ActiveCfg = Release|Any CPU
		{3EEBEAB4-295D-44FB-8337-0B0D6B6478C2}.Release|Any CPU.Build.0 = Release|Any CPU
		{91EDCBE2-29C0-4E67-A94C-D7538F540B1D}.Debug|Any CPU.ActiveCfg = Debug|Any CPU
		{91EDCBE2-29C0-4E67-A94C-D7538F540B1D}.Debug|Any CPU.Build.0 = Debug|Any CPU
		{91EDCBE2-29C0-4E67-A94C-D7538F540B1D}.Release|Any CPU.ActiveCfg = Release|Any CPU
		{91EDCBE2-29C0-4E67-A94C-D7538F540B1D}.Release|Any CPU.Build.0 = Release|Any CPU
		{37FC8398-6980-457A-833E-B8AB32019F16}.Debug|Any CPU.ActiveCfg = Debug|Any CPU
		{37FC8398-6980-457A-833E-B8AB32019F16}.Debug|Any CPU.Build.0 = Debug|Any CPU
		{37FC8398-6980-457A-833E-B8AB32019F16}.Release|Any CPU.ActiveCfg = Release|Any CPU
		{37FC8398-6980-457A-833E-B8AB32019F16}.Release|Any CPU.Build.0 = Release|Any CPU
		{4B18F9BD-556A-4BC7-8074-4AA68F85139E}.Debug|Any CPU.ActiveCfg = Debug|Any CPU
		{4B18F9BD-556A-4BC7-8074-4AA68F85139E}.Debug|Any CPU.Build.0 = Debug|Any CPU
		{4B18F9BD-556A-4BC7-8074-4AA68F85139E}.Release|Any CPU.ActiveCfg = Release|Any CPU
		{4B18F9BD-556A-4BC7-8074-4AA68F85139E}.Release|Any CPU.Build.0 = Release|Any CPU
		{4E5A8F30-8676-4D2E-9876-8EFDDD31F102}.Debug|Any CPU.ActiveCfg = Debug|Any CPU
		{4E5A8F30-8676-4D2E-9876-8EFDDD31F102}.Debug|Any CPU.Build.0 = Debug|Any CPU
		{4E5A8F30-8676-4D2E-9876-8EFDDD31F102}.Release|Any CPU.ActiveCfg = Release|Any CPU
		{4E5A8F30-8676-4D2E-9876-8EFDDD31F102}.Release|Any CPU.Build.0 = Release|Any CPU
		{A0773251-423F-49B2-B661-041928F636FC}.Debug|Any CPU.ActiveCfg = Debug|Any CPU
		{A0773251-423F-49B2-B661-041928F636FC}.Debug|Any CPU.Build.0 = Debug|Any CPU
		{A0773251-423F-49B2-B661-041928F636FC}.Release|Any CPU.ActiveCfg = Release|Any CPU
		{A0773251-423F-49B2-B661-041928F636FC}.Release|Any CPU.Build.0 = Release|Any CPU
		{6753163D-8420-4044-BA31-8C5A6B1B522B}.Debug|Any CPU.ActiveCfg = Debug|Any CPU
		{6753163D-8420-4044-BA31-8C5A6B1B522B}.Debug|Any CPU.Build.0 = Debug|Any CPU
		{6753163D-8420-4044-BA31-8C5A6B1B522B}.Release|Any CPU.ActiveCfg = Release|Any CPU
		{6753163D-8420-4044-BA31-8C5A6B1B522B}.Release|Any CPU.Build.0 = Release|Any CPU
		{251CA230-AF13-49EA-9AC1-174C2C77C318}.Debug|Any CPU.ActiveCfg = Debug|Any CPU
		{251CA230-AF13-49EA-9AC1-174C2C77C318}.Debug|Any CPU.Build.0 = Debug|Any CPU
		{251CA230-AF13-49EA-9AC1-174C2C77C318}.Release|Any CPU.ActiveCfg = Release|Any CPU
		{251CA230-AF13-49EA-9AC1-174C2C77C318}.Release|Any CPU.Build.0 = Release|Any CPU
		{289AAF06-8B00-45FE-85E6-3672CB95AC6A}.Debug|Any CPU.ActiveCfg = Debug|Any CPU
		{289AAF06-8B00-45FE-85E6-3672CB95AC6A}.Debug|Any CPU.Build.0 = Debug|Any CPU
		{289AAF06-8B00-45FE-85E6-3672CB95AC6A}.Release|Any CPU.ActiveCfg = Release|Any CPU
		{289AAF06-8B00-45FE-85E6-3672CB95AC6A}.Release|Any CPU.Build.0 = Release|Any CPU
		{89C2D64D-7A67-4287-849C-830E6F7BF06D}.Debug|Any CPU.ActiveCfg = Debug|Any CPU
		{89C2D64D-7A67-4287-849C-830E6F7BF06D}.Debug|Any CPU.Build.0 = Debug|Any CPU
		{89C2D64D-7A67-4287-849C-830E6F7BF06D}.Release|Any CPU.ActiveCfg = Release|Any CPU
		{89C2D64D-7A67-4287-849C-830E6F7BF06D}.Release|Any CPU.Build.0 = Release|Any CPU
		{1831C9B7-AFB2-4FFD-853C-E659FC066033}.Debug|Any CPU.ActiveCfg = Debug|Any CPU
		{1831C9B7-AFB2-4FFD-853C-E659FC066033}.Debug|Any CPU.Build.0 = Debug|Any CPU
		{1831C9B7-AFB2-4FFD-853C-E659FC066033}.Release|Any CPU.ActiveCfg = Release|Any CPU
		{1831C9B7-AFB2-4FFD-853C-E659FC066033}.Release|Any CPU.Build.0 = Release|Any CPU
		{D8A5BB88-68E8-4AE6-B731-E5AB7AF4B3D6}.Debug|Any CPU.ActiveCfg = Debug|Any CPU
		{D8A5BB88-68E8-4AE6-B731-E5AB7AF4B3D6}.Debug|Any CPU.Build.0 = Debug|Any CPU
		{D8A5BB88-68E8-4AE6-B731-E5AB7AF4B3D6}.Release|Any CPU.ActiveCfg = Release|Any CPU
		{D8A5BB88-68E8-4AE6-B731-E5AB7AF4B3D6}.Release|Any CPU.Build.0 = Release|Any CPU
		{9175EBFB-3419-4D53-AEE0-E09D13ADC4B1}.Debug|Any CPU.ActiveCfg = Debug|Any CPU
		{9175EBFB-3419-4D53-AEE0-E09D13ADC4B1}.Debug|Any CPU.Build.0 = Debug|Any CPU
		{9175EBFB-3419-4D53-AEE0-E09D13ADC4B1}.Release|Any CPU.ActiveCfg = Release|Any CPU
		{9175EBFB-3419-4D53-AEE0-E09D13ADC4B1}.Release|Any CPU.Build.0 = Release|Any CPU
		{ECD85C9B-2D20-49F7-A714-CCE670AB8C5E}.Debug|Any CPU.ActiveCfg = Debug|Any CPU
		{ECD85C9B-2D20-49F7-A714-CCE670AB8C5E}.Debug|Any CPU.Build.0 = Debug|Any CPU
		{ECD85C9B-2D20-49F7-A714-CCE670AB8C5E}.Release|Any CPU.ActiveCfg = Release|Any CPU
		{ECD85C9B-2D20-49F7-A714-CCE670AB8C5E}.Release|Any CPU.Build.0 = Release|Any CPU
		{E5BD885E-4552-4694-96A5-9FCFDF4F9F44}.Debug|Any CPU.ActiveCfg = Debug|Any CPU
		{E5BD885E-4552-4694-96A5-9FCFDF4F9F44}.Debug|Any CPU.Build.0 = Debug|Any CPU
		{E5BD885E-4552-4694-96A5-9FCFDF4F9F44}.Release|Any CPU.ActiveCfg = Release|Any CPU
		{E5BD885E-4552-4694-96A5-9FCFDF4F9F44}.Release|Any CPU.Build.0 = Release|Any CPU
		{F5C31A37-7D9A-4AC8-9506-96B5072B59A6}.Debug|Any CPU.ActiveCfg = Debug|Any CPU
		{F5C31A37-7D9A-4AC8-9506-96B5072B59A6}.Debug|Any CPU.Build.0 = Debug|Any CPU
		{F5C31A37-7D9A-4AC8-9506-96B5072B59A6}.Release|Any CPU.ActiveCfg = Release|Any CPU
		{F5C31A37-7D9A-4AC8-9506-96B5072B59A6}.Release|Any CPU.Build.0 = Release|Any CPU
		{34C16C4F-BF9F-475C-8506-5633015AEB30}.Debug|Any CPU.ActiveCfg = Debug|Any CPU
		{34C16C4F-BF9F-475C-8506-5633015AEB30}.Debug|Any CPU.Build.0 = Debug|Any CPU
		{34C16C4F-BF9F-475C-8506-5633015AEB30}.Release|Any CPU.ActiveCfg = Release|Any CPU
		{34C16C4F-BF9F-475C-8506-5633015AEB30}.Release|Any CPU.Build.0 = Release|Any CPU
		{6FD44910-40F2-4FD4-B4C1-09BC3949DB47}.Debug|Any CPU.ActiveCfg = Debug|Any CPU
		{6FD44910-40F2-4FD4-B4C1-09BC3949DB47}.Debug|Any CPU.Build.0 = Debug|Any CPU
		{6FD44910-40F2-4FD4-B4C1-09BC3949DB47}.Release|Any CPU.ActiveCfg = Release|Any CPU
		{6FD44910-40F2-4FD4-B4C1-09BC3949DB47}.Release|Any CPU.Build.0 = Release|Any CPU
		{62CFAEE9-499A-43D0-9846-93C0016AB9FA}.Debug|Any CPU.ActiveCfg = Debug|Any CPU
		{62CFAEE9-499A-43D0-9846-93C0016AB9FA}.Debug|Any CPU.Build.0 = Debug|Any CPU
		{62CFAEE9-499A-43D0-9846-93C0016AB9FA}.Release|Any CPU.ActiveCfg = Release|Any CPU
		{62CFAEE9-499A-43D0-9846-93C0016AB9FA}.Release|Any CPU.Build.0 = Release|Any CPU
		{9C93EF23-3472-40B2-97FC-C90AFD29317F}.Debug|Any CPU.ActiveCfg = Debug|Any CPU
		{9C93EF23-3472-40B2-97FC-C90AFD29317F}.Debug|Any CPU.Build.0 = Debug|Any CPU
		{9C93EF23-3472-40B2-97FC-C90AFD29317F}.Release|Any CPU.ActiveCfg = Release|Any CPU
		{9C93EF23-3472-40B2-97FC-C90AFD29317F}.Release|Any CPU.Build.0 = Release|Any CPU
		{4B162B7D-422D-470B-B241-C8974C7B41AE}.Debug|Any CPU.ActiveCfg = Debug|Any CPU
		{4B162B7D-422D-470B-B241-C8974C7B41AE}.Debug|Any CPU.Build.0 = Debug|Any CPU
		{4B162B7D-422D-470B-B241-C8974C7B41AE}.Release|Any CPU.ActiveCfg = Release|Any CPU
		{4B162B7D-422D-470B-B241-C8974C7B41AE}.Release|Any CPU.Build.0 = Release|Any CPU
		{B81D62B5-A42D-4DF8-8F1D-4AAA48E4CDDA}.Debug|Any CPU.ActiveCfg = Debug|Any CPU
		{B81D62B5-A42D-4DF8-8F1D-4AAA48E4CDDA}.Debug|Any CPU.Build.0 = Debug|Any CPU
		{B81D62B5-A42D-4DF8-8F1D-4AAA48E4CDDA}.Release|Any CPU.ActiveCfg = Release|Any CPU
		{B81D62B5-A42D-4DF8-8F1D-4AAA48E4CDDA}.Release|Any CPU.Build.0 = Release|Any CPU
		{DA9D97F6-68E0-4CF6-AEA6-7CF5B0011A5A}.Debug|Any CPU.ActiveCfg = Debug|Any CPU
		{DA9D97F6-68E0-4CF6-AEA6-7CF5B0011A5A}.Debug|Any CPU.Build.0 = Debug|Any CPU
		{DA9D97F6-68E0-4CF6-AEA6-7CF5B0011A5A}.Release|Any CPU.ActiveCfg = Release|Any CPU
		{DA9D97F6-68E0-4CF6-AEA6-7CF5B0011A5A}.Release|Any CPU.Build.0 = Release|Any CPU
		{1251C76E-7851-412F-B022-A42EF10A0AE8}.Debug|Any CPU.ActiveCfg = Debug|Any CPU
		{1251C76E-7851-412F-B022-A42EF10A0AE8}.Debug|Any CPU.Build.0 = Debug|Any CPU
		{1251C76E-7851-412F-B022-A42EF10A0AE8}.Release|Any CPU.ActiveCfg = Release|Any CPU
		{1251C76E-7851-412F-B022-A42EF10A0AE8}.Release|Any CPU.Build.0 = Release|Any CPU
		{A0103253-9F76-4A56-8A1C-428418392C37}.Debug|Any CPU.ActiveCfg = Debug|Any CPU
		{A0103253-9F76-4A56-8A1C-428418392C37}.Debug|Any CPU.Build.0 = Debug|Any CPU
		{A0103253-9F76-4A56-8A1C-428418392C37}.Release|Any CPU.ActiveCfg = Release|Any CPU
		{A0103253-9F76-4A56-8A1C-428418392C37}.Release|Any CPU.Build.0 = Release|Any CPU
		{F622409B-B776-467A-9FAC-F4FC4E239983}.Debug|Any CPU.ActiveCfg = Debug|Any CPU
		{F622409B-B776-467A-9FAC-F4FC4E239983}.Debug|Any CPU.Build.0 = Debug|Any CPU
		{F622409B-B776-467A-9FAC-F4FC4E239983}.Release|Any CPU.ActiveCfg = Release|Any CPU
		{F622409B-B776-467A-9FAC-F4FC4E239983}.Release|Any CPU.Build.0 = Release|Any CPU
		{512449BE-695E-48DC-945B-ED7C8B9352D1}.Debug|Any CPU.ActiveCfg = Debug|Any CPU
		{512449BE-695E-48DC-945B-ED7C8B9352D1}.Debug|Any CPU.Build.0 = Debug|Any CPU
		{512449BE-695E-48DC-945B-ED7C8B9352D1}.Release|Any CPU.ActiveCfg = Release|Any CPU
		{512449BE-695E-48DC-945B-ED7C8B9352D1}.Release|Any CPU.Build.0 = Release|Any CPU
		{7C2D2D65-095B-4DA4-97F0-D49BCC830E4A}.Debug|Any CPU.ActiveCfg = Debug|Any CPU
		{7C2D2D65-095B-4DA4-97F0-D49BCC830E4A}.Debug|Any CPU.Build.0 = Debug|Any CPU
		{7C2D2D65-095B-4DA4-97F0-D49BCC830E4A}.Release|Any CPU.ActiveCfg = Release|Any CPU
		{7C2D2D65-095B-4DA4-97F0-D49BCC830E4A}.Release|Any CPU.Build.0 = Release|Any CPU
		{08935108-E974-4F4D-B7B7-0E12FC398156}.Debug|Any CPU.ActiveCfg = Debug|Any CPU
		{08935108-E974-4F4D-B7B7-0E12FC398156}.Debug|Any CPU.Build.0 = Debug|Any CPU
		{08935108-E974-4F4D-B7B7-0E12FC398156}.Release|Any CPU.ActiveCfg = Release|Any CPU
		{08935108-E974-4F4D-B7B7-0E12FC398156}.Release|Any CPU.Build.0 = Release|Any CPU
		{F24AA3F5-8B31-4E9E-8430-0938DCA6C8BA}.Debug|Any CPU.ActiveCfg = Debug|Any CPU
		{F24AA3F5-8B31-4E9E-8430-0938DCA6C8BA}.Debug|Any CPU.Build.0 = Debug|Any CPU
		{F24AA3F5-8B31-4E9E-8430-0938DCA6C8BA}.Release|Any CPU.ActiveCfg = Release|Any CPU
		{F24AA3F5-8B31-4E9E-8430-0938DCA6C8BA}.Release|Any CPU.Build.0 = Release|Any CPU
		{B14F1027-D94C-4DCC-8412-F41A2E68B1C7}.Debug|Any CPU.ActiveCfg = Debug|Any CPU
		{B14F1027-D94C-4DCC-8412-F41A2E68B1C7}.Debug|Any CPU.Build.0 = Debug|Any CPU
		{B14F1027-D94C-4DCC-8412-F41A2E68B1C7}.Release|Any CPU.ActiveCfg = Release|Any CPU
		{B14F1027-D94C-4DCC-8412-F41A2E68B1C7}.Release|Any CPU.Build.0 = Release|Any CPU
		{1344A893-43C1-4779-A7A2-DFB3A906AD32}.Debug|Any CPU.ActiveCfg = Debug|Any CPU
		{1344A893-43C1-4779-A7A2-DFB3A906AD32}.Debug|Any CPU.Build.0 = Debug|Any CPU
		{1344A893-43C1-4779-A7A2-DFB3A906AD32}.Release|Any CPU.ActiveCfg = Release|Any CPU
		{1344A893-43C1-4779-A7A2-DFB3A906AD32}.Release|Any CPU.Build.0 = Release|Any CPU
		{8FE38B3A-0EC3-4199-AC82-FDE434CEB3BA}.Debug|Any CPU.ActiveCfg = Debug|Any CPU
		{8FE38B3A-0EC3-4199-AC82-FDE434CEB3BA}.Debug|Any CPU.Build.0 = Debug|Any CPU
		{8FE38B3A-0EC3-4199-AC82-FDE434CEB3BA}.Release|Any CPU.ActiveCfg = Release|Any CPU
		{8FE38B3A-0EC3-4199-AC82-FDE434CEB3BA}.Release|Any CPU.Build.0 = Release|Any CPU
		{8ADC2C19-C33A-4C8A-A59C-1D3B8B52DD4C}.Debug|Any CPU.ActiveCfg = Debug|Any CPU
		{8ADC2C19-C33A-4C8A-A59C-1D3B8B52DD4C}.Debug|Any CPU.Build.0 = Debug|Any CPU
		{8ADC2C19-C33A-4C8A-A59C-1D3B8B52DD4C}.Release|Any CPU.ActiveCfg = Release|Any CPU
		{8ADC2C19-C33A-4C8A-A59C-1D3B8B52DD4C}.Release|Any CPU.Build.0 = Release|Any CPU
		{8F91F274-E79D-4883-A3DB-388A845C50EF}.Debug|Any CPU.ActiveCfg = Debug|Any CPU
		{8F91F274-E79D-4883-A3DB-388A845C50EF}.Debug|Any CPU.Build.0 = Debug|Any CPU
		{8F91F274-E79D-4883-A3DB-388A845C50EF}.Release|Any CPU.ActiveCfg = Release|Any CPU
		{8F91F274-E79D-4883-A3DB-388A845C50EF}.Release|Any CPU.Build.0 = Release|Any CPU
		{0D713522-834E-4231-B6B3-20E4AB7C847D}.Debug|Any CPU.ActiveCfg = Debug|Any CPU
		{0D713522-834E-4231-B6B3-20E4AB7C847D}.Debug|Any CPU.Build.0 = Debug|Any CPU
		{0D713522-834E-4231-B6B3-20E4AB7C847D}.Release|Any CPU.ActiveCfg = Release|Any CPU
		{0D713522-834E-4231-B6B3-20E4AB7C847D}.Release|Any CPU.Build.0 = Release|Any CPU
		{865A6B06-1E05-4D56-8242-FED176BD2C8D}.Debug|Any CPU.ActiveCfg = Debug|Any CPU
		{865A6B06-1E05-4D56-8242-FED176BD2C8D}.Debug|Any CPU.Build.0 = Debug|Any CPU
		{865A6B06-1E05-4D56-8242-FED176BD2C8D}.Release|Any CPU.ActiveCfg = Release|Any CPU
		{865A6B06-1E05-4D56-8242-FED176BD2C8D}.Release|Any CPU.Build.0 = Release|Any CPU
		{75AE4E3C-9DC8-4141-8219-D8A418BE121E}.Debug|Any CPU.ActiveCfg = Debug|Any CPU
		{75AE4E3C-9DC8-4141-8219-D8A418BE121E}.Debug|Any CPU.Build.0 = Debug|Any CPU
		{75AE4E3C-9DC8-4141-8219-D8A418BE121E}.Release|Any CPU.ActiveCfg = Release|Any CPU
		{75AE4E3C-9DC8-4141-8219-D8A418BE121E}.Release|Any CPU.Build.0 = Release|Any CPU
		{1CC870E4-643D-4262-9B63-A94323BC9B2F}.Debug|Any CPU.ActiveCfg = Debug|Any CPU
		{1CC870E4-643D-4262-9B63-A94323BC9B2F}.Debug|Any CPU.Build.0 = Debug|Any CPU
		{1CC870E4-643D-4262-9B63-A94323BC9B2F}.Release|Any CPU.ActiveCfg = Release|Any CPU
		{1CC870E4-643D-4262-9B63-A94323BC9B2F}.Release|Any CPU.Build.0 = Release|Any CPU
		{2A5E5BFB-DC40-432C-A47E-CB8C1ADA36C0}.Debug|Any CPU.ActiveCfg = Debug|Any CPU
		{2A5E5BFB-DC40-432C-A47E-CB8C1ADA36C0}.Debug|Any CPU.Build.0 = Debug|Any CPU
		{2A5E5BFB-DC40-432C-A47E-CB8C1ADA36C0}.Release|Any CPU.ActiveCfg = Release|Any CPU
		{2A5E5BFB-DC40-432C-A47E-CB8C1ADA36C0}.Release|Any CPU.Build.0 = Release|Any CPU
		{1F338A1D-39AD-4AD2-BD0B-DB47B097148E}.Debug|Any CPU.ActiveCfg = Debug|Any CPU
		{1F338A1D-39AD-4AD2-BD0B-DB47B097148E}.Debug|Any CPU.Build.0 = Debug|Any CPU
		{1F338A1D-39AD-4AD2-BD0B-DB47B097148E}.Release|Any CPU.ActiveCfg = Release|Any CPU
		{1F338A1D-39AD-4AD2-BD0B-DB47B097148E}.Release|Any CPU.Build.0 = Release|Any CPU
		{BF16E3D5-A724-457C-94BE-258A43370155}.Debug|Any CPU.ActiveCfg = Debug|Any CPU
		{BF16E3D5-A724-457C-94BE-258A43370155}.Debug|Any CPU.Build.0 = Debug|Any CPU
		{BF16E3D5-A724-457C-94BE-258A43370155}.Release|Any CPU.ActiveCfg = Release|Any CPU
		{BF16E3D5-A724-457C-94BE-258A43370155}.Release|Any CPU.Build.0 = Release|Any CPU
		{0ED7FE7B-1EAC-48F4-B751-3280B657693E}.Debug|Any CPU.ActiveCfg = Debug|Any CPU
		{0ED7FE7B-1EAC-48F4-B751-3280B657693E}.Debug|Any CPU.Build.0 = Debug|Any CPU
		{0ED7FE7B-1EAC-48F4-B751-3280B657693E}.Release|Any CPU.ActiveCfg = Release|Any CPU
		{0ED7FE7B-1EAC-48F4-B751-3280B657693E}.Release|Any CPU.Build.0 = Release|Any CPU
		{9E0C263C-7D32-49E1-89EE-395247EA7588}.Debug|Any CPU.ActiveCfg = Debug|Any CPU
		{9E0C263C-7D32-49E1-89EE-395247EA7588}.Debug|Any CPU.Build.0 = Debug|Any CPU
		{9E0C263C-7D32-49E1-89EE-395247EA7588}.Release|Any CPU.ActiveCfg = Release|Any CPU
		{9E0C263C-7D32-49E1-89EE-395247EA7588}.Release|Any CPU.Build.0 = Release|Any CPU
		{C485A27C-7A8D-48AD-88E0-38DFC732E9DB}.Debug|Any CPU.ActiveCfg = Debug|Any CPU
		{C485A27C-7A8D-48AD-88E0-38DFC732E9DB}.Debug|Any CPU.Build.0 = Debug|Any CPU
		{C485A27C-7A8D-48AD-88E0-38DFC732E9DB}.Release|Any CPU.ActiveCfg = Release|Any CPU
		{C485A27C-7A8D-48AD-88E0-38DFC732E9DB}.Release|Any CPU.Build.0 = Release|Any CPU
		{818D0FA6-15A4-48E8-A7B6-BDAE1C6F26FD}.Debug|Any CPU.ActiveCfg = Debug|Any CPU
		{818D0FA6-15A4-48E8-A7B6-BDAE1C6F26FD}.Debug|Any CPU.Build.0 = Debug|Any CPU
		{818D0FA6-15A4-48E8-A7B6-BDAE1C6F26FD}.Release|Any CPU.ActiveCfg = Release|Any CPU
		{818D0FA6-15A4-48E8-A7B6-BDAE1C6F26FD}.Release|Any CPU.Build.0 = Release|Any CPU
		{2594763B-9124-4C04-8BAE-E0457B86DD97}.Debug|Any CPU.ActiveCfg = Debug|Any CPU
		{2594763B-9124-4C04-8BAE-E0457B86DD97}.Debug|Any CPU.Build.0 = Debug|Any CPU
		{2594763B-9124-4C04-8BAE-E0457B86DD97}.Release|Any CPU.ActiveCfg = Release|Any CPU
		{2594763B-9124-4C04-8BAE-E0457B86DD97}.Release|Any CPU.Build.0 = Release|Any CPU
		{BE9445A8-FBF1-4EE0-AC00-42E1FABE91CB}.Debug|Any CPU.ActiveCfg = Debug|Any CPU
		{BE9445A8-FBF1-4EE0-AC00-42E1FABE91CB}.Debug|Any CPU.Build.0 = Debug|Any CPU
		{BE9445A8-FBF1-4EE0-AC00-42E1FABE91CB}.Release|Any CPU.ActiveCfg = Release|Any CPU
		{BE9445A8-FBF1-4EE0-AC00-42E1FABE91CB}.Release|Any CPU.Build.0 = Release|Any CPU
		{27E02E59-3ED4-496B-BB3A-78109BEBC021}.Debug|Any CPU.ActiveCfg = Debug|Any CPU
		{27E02E59-3ED4-496B-BB3A-78109BEBC021}.Debug|Any CPU.Build.0 = Debug|Any CPU
		{27E02E59-3ED4-496B-BB3A-78109BEBC021}.Release|Any CPU.ActiveCfg = Release|Any CPU
		{27E02E59-3ED4-496B-BB3A-78109BEBC021}.Release|Any CPU.Build.0 = Release|Any CPU
		{008AD78D-3BF4-48FF-A41A-9ED2D58E7FBA}.Debug|Any CPU.ActiveCfg = Debug|Any CPU
		{008AD78D-3BF4-48FF-A41A-9ED2D58E7FBA}.Debug|Any CPU.Build.0 = Debug|Any CPU
		{008AD78D-3BF4-48FF-A41A-9ED2D58E7FBA}.Release|Any CPU.ActiveCfg = Release|Any CPU
		{008AD78D-3BF4-48FF-A41A-9ED2D58E7FBA}.Release|Any CPU.Build.0 = Release|Any CPU
		{C7B4B9C9-EBED-4028-B28A-5F5C3D7FA548}.Debug|Any CPU.ActiveCfg = Debug|Any CPU
		{C7B4B9C9-EBED-4028-B28A-5F5C3D7FA548}.Debug|Any CPU.Build.0 = Debug|Any CPU
		{C7B4B9C9-EBED-4028-B28A-5F5C3D7FA548}.Release|Any CPU.ActiveCfg = Release|Any CPU
		{C7B4B9C9-EBED-4028-B28A-5F5C3D7FA548}.Release|Any CPU.Build.0 = Release|Any CPU
		{02FCC347-5D12-48EA-BA8E-DB5BACD9DB76}.Debug|Any CPU.ActiveCfg = Debug|Any CPU
		{02FCC347-5D12-48EA-BA8E-DB5BACD9DB76}.Debug|Any CPU.Build.0 = Debug|Any CPU
		{02FCC347-5D12-48EA-BA8E-DB5BACD9DB76}.Release|Any CPU.ActiveCfg = Release|Any CPU
		{02FCC347-5D12-48EA-BA8E-DB5BACD9DB76}.Release|Any CPU.Build.0 = Release|Any CPU
		{191D8CBA-D883-43F2-A7CF-2583CDDE6489}.Debug|Any CPU.ActiveCfg = Debug|Any CPU
		{191D8CBA-D883-43F2-A7CF-2583CDDE6489}.Debug|Any CPU.Build.0 = Debug|Any CPU
		{191D8CBA-D883-43F2-A7CF-2583CDDE6489}.Release|Any CPU.ActiveCfg = Release|Any CPU
		{191D8CBA-D883-43F2-A7CF-2583CDDE6489}.Release|Any CPU.Build.0 = Release|Any CPU
	EndGlobalSection
	GlobalSection(SolutionProperties) = preSolution
		HideSolutionNode = FALSE
	EndGlobalSection
	GlobalSection(NestedProjects) = preSolution
		{50FA199D-485B-438E-BA7B-CA84096E665D} = {92E64393-B52A-4D4B-89DB-2291DC17C0A0}
		{639F7CB4-D0D0-4EFD-A5E6-1B77E628891F} = {92E64393-B52A-4D4B-89DB-2291DC17C0A0}
		{919F2BE5-6574-4E02-AE02-1355FE77A764} = {92E64393-B52A-4D4B-89DB-2291DC17C0A0}
		{5494E742-712C-41AA-B0AF-2BEDE90EB2D3} = {E69EE6B1-2426-4A61-95C7-71C5B5116A2E}
		{681F24C6-B69F-4279-9309-BCF3C62F7B38} = {92E64393-B52A-4D4B-89DB-2291DC17C0A0}
		{5C8ECB5A-B850-4E18-9AB3-D983D1DDD934} = {E69EE6B1-2426-4A61-95C7-71C5B5116A2E}
		{C64DCDEF-DC3E-4330-B045-431FA493541D} = {E69EE6B1-2426-4A61-95C7-71C5B5116A2E}
		{347D4265-C1DB-489E-AF19-F996B35FEE59} = {E69EE6B1-2426-4A61-95C7-71C5B5116A2E}
		{A7F36249-FD4C-4372-A4FE-10EC96703A15} = {92E64393-B52A-4D4B-89DB-2291DC17C0A0}
		{07A5ABF1-6DAC-4A8B-BF76-9E9FF228DF85} = {92E64393-B52A-4D4B-89DB-2291DC17C0A0}
		{4DD4D491-9096-4E3E-83ED-BCCBD5A30FA0} = {E69EE6B1-2426-4A61-95C7-71C5B5116A2E}
		{285C7817-C4BA-4071-8378-E349473A92D3} = {E69EE6B1-2426-4A61-95C7-71C5B5116A2E}
		{FFE292AF-3E10-4085-9030-3F2DE8C8DA69} = {E69EE6B1-2426-4A61-95C7-71C5B5116A2E}
		{A0571D6B-59B6-489D-84F7-36C72A88B061} = {E69EE6B1-2426-4A61-95C7-71C5B5116A2E}
		{2D9BEBBF-E05E-4F9D-A45B-246AA7DAD32F} = {92E64393-B52A-4D4B-89DB-2291DC17C0A0}
		{4835326C-FBC0-471B-AEBC-2FFC7FA1E9C7} = {92E64393-B52A-4D4B-89DB-2291DC17C0A0}
		{B80775F9-C3D9-47D7-A31D-2E7D4E632611} = {92E64393-B52A-4D4B-89DB-2291DC17C0A0}
		{8ED33649-3D7E-4FA4-978B-A33CBDB7E946} = {E69EE6B1-2426-4A61-95C7-71C5B5116A2E}
		{D45BAD3B-0554-41D3-BE6D-931DB92CF96C} = {92E64393-B52A-4D4B-89DB-2291DC17C0A0}
		{1BBA2DEE-14B5-44CF-99B3-BF609E978774} = {E69EE6B1-2426-4A61-95C7-71C5B5116A2E}
		{974E32A6-B6DA-476B-BC49-242ECD646094} = {E69EE6B1-2426-4A61-95C7-71C5B5116A2E}
		{ED5287F8-2F66-4D10-93ED-6F27D0A0FD82} = {E69EE6B1-2426-4A61-95C7-71C5B5116A2E}
		{23DBFB3B-8A7F-497C-B97F-55577DDBDBC6} = {E69EE6B1-2426-4A61-95C7-71C5B5116A2E}
		{AE7A9F05-268C-4112-BB64-DBC9430C0623} = {92E64393-B52A-4D4B-89DB-2291DC17C0A0}
		{26C417D9-0FF4-43C6-B42F-A45CADAB92C7} = {E69EE6B1-2426-4A61-95C7-71C5B5116A2E}
		{DB85766B-4248-4C28-8AF5-23323DFABA49} = {E69EE6B1-2426-4A61-95C7-71C5B5116A2E}
		{3085B358-A12D-4C49-817F-58AF23BF1DF2} = {E69EE6B1-2426-4A61-95C7-71C5B5116A2E}
		{1A71B17C-BB79-4F60-98E9-B9026953CB0B} = {92E64393-B52A-4D4B-89DB-2291DC17C0A0}
		{142F48B6-136C-4068-ADA4-3C7BBC8BF523} = {92E64393-B52A-4D4B-89DB-2291DC17C0A0}
		{E9E59E00-F648-48D8-B688-265A4AF792A9} = {E69EE6B1-2426-4A61-95C7-71C5B5116A2E}
		{B07F0219-C84E-4F4F-8FAB-C783B740A359} = {E69EE6B1-2426-4A61-95C7-71C5B5116A2E}
		{3A3A20F5-92BD-4BF7-8B6D-83EB334D6BC2} = {92E64393-B52A-4D4B-89DB-2291DC17C0A0}
		{A25F84FC-7853-4CA5-9224-8D8397770E54} = {E69EE6B1-2426-4A61-95C7-71C5B5116A2E}
		{9F99C2B7-EF8E-4FD0-A01E-076711AE5046} = {E69EE6B1-2426-4A61-95C7-71C5B5116A2E}
		{3EEBEAB4-295D-44FB-8337-0B0D6B6478C2} = {E69EE6B1-2426-4A61-95C7-71C5B5116A2E}
		{91EDCBE2-29C0-4E67-A94C-D7538F540B1D} = {E69EE6B1-2426-4A61-95C7-71C5B5116A2E}
		{37FC8398-6980-457A-833E-B8AB32019F16} = {E69EE6B1-2426-4A61-95C7-71C5B5116A2E}
		{4B18F9BD-556A-4BC7-8074-4AA68F85139E} = {92E64393-B52A-4D4B-89DB-2291DC17C0A0}
		{4E5A8F30-8676-4D2E-9876-8EFDDD31F102} = {92E64393-B52A-4D4B-89DB-2291DC17C0A0}
		{8D1FE850-2926-490E-87BE-EADDCC444ACD} = {92E64393-B52A-4D4B-89DB-2291DC17C0A0}
		{A0773251-423F-49B2-B661-041928F636FC} = {8D1FE850-2926-490E-87BE-EADDCC444ACD}
		{6753163D-8420-4044-BA31-8C5A6B1B522B} = {8D1FE850-2926-490E-87BE-EADDCC444ACD}
		{251CA230-AF13-49EA-9AC1-174C2C77C318} = {8D1FE850-2926-490E-87BE-EADDCC444ACD}
		{289AAF06-8B00-45FE-85E6-3672CB95AC6A} = {8D1FE850-2926-490E-87BE-EADDCC444ACD}
		{89C2D64D-7A67-4287-849C-830E6F7BF06D} = {E69EE6B1-2426-4A61-95C7-71C5B5116A2E}
		{1831C9B7-AFB2-4FFD-853C-E659FC066033} = {E69EE6B1-2426-4A61-95C7-71C5B5116A2E}
		{5E8ABA8E-DB58-46A3-93BC-B43E11D7C648} = {92E64393-B52A-4D4B-89DB-2291DC17C0A0}
		{D8A5BB88-68E8-4AE6-B731-E5AB7AF4B3D6} = {5E8ABA8E-DB58-46A3-93BC-B43E11D7C648}
		{9175EBFB-3419-4D53-AEE0-E09D13ADC4B1} = {5E8ABA8E-DB58-46A3-93BC-B43E11D7C648}
		{ECD85C9B-2D20-49F7-A714-CCE670AB8C5E} = {5E8ABA8E-DB58-46A3-93BC-B43E11D7C648}
		{E5BD885E-4552-4694-96A5-9FCFDF4F9F44} = {8D1FE850-2926-490E-87BE-EADDCC444ACD}
		{F5C31A37-7D9A-4AC8-9506-96B5072B59A6} = {E69EE6B1-2426-4A61-95C7-71C5B5116A2E}
		{34C16C4F-BF9F-475C-8506-5633015AEB30} = {92E64393-B52A-4D4B-89DB-2291DC17C0A0}
		{D81C7C24-7C75-4097-B859-C43695AA14DE} = {E69EE6B1-2426-4A61-95C7-71C5B5116A2E}
		{6FD44910-40F2-4FD4-B4C1-09BC3949DB47} = {D81C7C24-7C75-4097-B859-C43695AA14DE}
		{62CFAEE9-499A-43D0-9846-93C0016AB9FA} = {D81C7C24-7C75-4097-B859-C43695AA14DE}
		{9C93EF23-3472-40B2-97FC-C90AFD29317F} = {D81C7C24-7C75-4097-B859-C43695AA14DE}
		{4B162B7D-422D-470B-B241-C8974C7B41AE} = {E69EE6B1-2426-4A61-95C7-71C5B5116A2E}
		{B81D62B5-A42D-4DF8-8F1D-4AAA48E4CDDA} = {92E64393-B52A-4D4B-89DB-2291DC17C0A0}
		{DA9D97F6-68E0-4CF6-AEA6-7CF5B0011A5A} = {E69EE6B1-2426-4A61-95C7-71C5B5116A2E}
		{1251C76E-7851-412F-B022-A42EF10A0AE8} = {7F2681BB-B092-424C-BB7C-D2B407EB0AA1}
		{A0103253-9F76-4A56-8A1C-428418392C37} = {92E64393-B52A-4D4B-89DB-2291DC17C0A0}
		{F622409B-B776-467A-9FAC-F4FC4E239983} = {8D1FE850-2926-490E-87BE-EADDCC444ACD}
		{512449BE-695E-48DC-945B-ED7C8B9352D1} = {E69EE6B1-2426-4A61-95C7-71C5B5116A2E}
		{7C2D2D65-095B-4DA4-97F0-D49BCC830E4A} = {E69EE6B1-2426-4A61-95C7-71C5B5116A2E}
		{08935108-E974-4F4D-B7B7-0E12FC398156} = {92E64393-B52A-4D4B-89DB-2291DC17C0A0}
		{F24AA3F5-8B31-4E9E-8430-0938DCA6C8BA} = {92E64393-B52A-4D4B-89DB-2291DC17C0A0}
		{B14F1027-D94C-4DCC-8412-F41A2E68B1C7} = {92E64393-B52A-4D4B-89DB-2291DC17C0A0}
		{1344A893-43C1-4779-A7A2-DFB3A906AD32} = {E69EE6B1-2426-4A61-95C7-71C5B5116A2E}
		{8FE38B3A-0EC3-4199-AC82-FDE434CEB3BA} = {7F2681BB-B092-424C-BB7C-D2B407EB0AA1}
		{8ADC2C19-C33A-4C8A-A59C-1D3B8B52DD4C} = {E69EE6B1-2426-4A61-95C7-71C5B5116A2E}
		{8F91F274-E79D-4883-A3DB-388A845C50EF} = {E69EE6B1-2426-4A61-95C7-71C5B5116A2E}
		{0D713522-834E-4231-B6B3-20E4AB7C847D} = {92E64393-B52A-4D4B-89DB-2291DC17C0A0}
		{865A6B06-1E05-4D56-8242-FED176BD2C8D} = {92E64393-B52A-4D4B-89DB-2291DC17C0A0}
		{75AE4E3C-9DC8-4141-8219-D8A418BE121E} = {E69EE6B1-2426-4A61-95C7-71C5B5116A2E}
		{1CC870E4-643D-4262-9B63-A94323BC9B2F} = {E69EE6B1-2426-4A61-95C7-71C5B5116A2E}
		{2A5E5BFB-DC40-432C-A47E-CB8C1ADA36C0} = {92E64393-B52A-4D4B-89DB-2291DC17C0A0}
		{1F338A1D-39AD-4AD2-BD0B-DB47B097148E} = {92E64393-B52A-4D4B-89DB-2291DC17C0A0}
		{BF16E3D5-A724-457C-94BE-258A43370155} = {E69EE6B1-2426-4A61-95C7-71C5B5116A2E}
		{0ED7FE7B-1EAC-48F4-B751-3280B657693E} = {E69EE6B1-2426-4A61-95C7-71C5B5116A2E}
		{9E0C263C-7D32-49E1-89EE-395247EA7588} = {92E64393-B52A-4D4B-89DB-2291DC17C0A0}
		{C485A27C-7A8D-48AD-88E0-38DFC732E9DB} = {92E64393-B52A-4D4B-89DB-2291DC17C0A0}
		{818D0FA6-15A4-48E8-A7B6-BDAE1C6F26FD} = {92E64393-B52A-4D4B-89DB-2291DC17C0A0}
		{2594763B-9124-4C04-8BAE-E0457B86DD97} = {92E64393-B52A-4D4B-89DB-2291DC17C0A0}
		{BE9445A8-FBF1-4EE0-AC00-42E1FABE91CB} = {92E64393-B52A-4D4B-89DB-2291DC17C0A0}
		{27E02E59-3ED4-496B-BB3A-78109BEBC021} = {B61656E0-BCC0-43DE-91A6-8E8A17C9B092}
		{008AD78D-3BF4-48FF-A41A-9ED2D58E7FBA} = {B61656E0-BCC0-43DE-91A6-8E8A17C9B092}
		{C7B4B9C9-EBED-4028-B28A-5F5C3D7FA548} = {6CBE9325-35AD-4B42-A31A-71E6A44DB6BF}
		{02FCC347-5D12-48EA-BA8E-DB5BACD9DB76} = {6CBE9325-35AD-4B42-A31A-71E6A44DB6BF}
		{191D8CBA-D883-43F2-A7CF-2583CDDE6489} = {92E64393-B52A-4D4B-89DB-2291DC17C0A0}
	EndGlobalSection
	GlobalSection(ExtensibilityGlobals) = postSolution
		SolutionGuid = {4A9F4FEB-B9FD-46F6-B988-8A6D72122FAB}
	EndGlobalSection
EndGlobal
